// !$*UTF8*$!
{
	archiveVersion = 1;
	classes = {
	};
	objectVersion = 55;
	objects = {

/* Begin PBXBuildFile section */
		8301BFDE2A76DF1500FF34AA /* AppSegues.swift in Sources */ = {isa = PBXBuildFile; fileRef = 8301BFDD2A76DF1500FF34AA /* AppSegues.swift */; };
		8301BFE02A76EF3600FF34AA /* HomeViewController.swift in Sources */ = {isa = PBXBuildFile; fileRef = 8301BFDF2A76EF3600FF34AA /* HomeViewController.swift */; };
		8304C2862A7C23C9000EDAA1 /* CartViewController.swift in Sources */ = {isa = PBXBuildFile; fileRef = 8304C2852A7C23C9000EDAA1 /* CartViewController.swift */; };
		833489A62AADDFCD00CCFEE6 /* CheckoutViewController.swift in Sources */ = {isa = PBXBuildFile; fileRef = 833489A52AADDFCD00CCFEE6 /* CheckoutViewController.swift */; };
		8345CB222A69C77A00D2BD55 /* RegisterViewController.swift in Sources */ = {isa = PBXBuildFile; fileRef = 8345CB212A69C77A00D2BD55 /* RegisterViewController.swift */; };
		834A8F032A7EE75B006910F2 /* CartModel.swift in Sources */ = {isa = PBXBuildFile; fileRef = 834A8F022A7EE75B006910F2 /* CartModel.swift */; };
		835AF3CE2A685C3D00AB60CA /* AppDelegate.swift in Sources */ = {isa = PBXBuildFile; fileRef = 835AF3CD2A685C3D00AB60CA /* AppDelegate.swift */; };
		835AF3D02A685C3D00AB60CA /* SceneDelegate.swift in Sources */ = {isa = PBXBuildFile; fileRef = 835AF3CF2A685C3D00AB60CA /* SceneDelegate.swift */; };
		835AF3D22A685C3D00AB60CA /* LoginViewController.swift in Sources */ = {isa = PBXBuildFile; fileRef = 835AF3D12A685C3D00AB60CA /* LoginViewController.swift */; };
		835AF3D52A685C3D00AB60CA /* Main.storyboard in Resources */ = {isa = PBXBuildFile; fileRef = 835AF3D32A685C3D00AB60CA /* Main.storyboard */; };
		835AF3D82A685C3D00AB60CA /* Zodiec.xcdatamodeld in Sources */ = {isa = PBXBuildFile; fileRef = 835AF3D62A685C3D00AB60CA /* Zodiec.xcdatamodeld */; };
		835AF3DA2A685C3F00AB60CA /* Assets.xcassets in Resources */ = {isa = PBXBuildFile; fileRef = 835AF3D92A685C3F00AB60CA /* Assets.xcassets */; };
		835AF3DD2A685C3F00AB60CA /* LaunchScreen.storyboard in Resources */ = {isa = PBXBuildFile; fileRef = 835AF3DB2A685C3F00AB60CA /* LaunchScreen.storyboard */; };
		835CE1112AFAB30B00A4D6FE /* PreferencesViewController.swift in Sources */ = {isa = PBXBuildFile; fileRef = 835CE1102AFAB30B00A4D6FE /* PreferencesViewController.swift */; };
		835CE1172AFAB77300A4D6FE /* OrderTableViewCell.swift in Sources */ = {isa = PBXBuildFile; fileRef = 835CE1152AFAB77300A4D6FE /* OrderTableViewCell.swift */; };
		835CE1182AFAB77300A4D6FE /* OrderTableViewCell.xib in Resources */ = {isa = PBXBuildFile; fileRef = 835CE1162AFAB77300A4D6FE /* OrderTableViewCell.xib */; };
		8363EC8D2A8AA1E90045D375 /* CouponModel.swift in Sources */ = {isa = PBXBuildFile; fileRef = 8363EC8C2A8AA1E90045D375 /* CouponModel.swift */; };
		836545E52A6D419C00463077 /* Alert.swift in Sources */ = {isa = PBXBuildFile; fileRef = 836545E42A6D419C00463077 /* Alert.swift */; };
		83686C952B20EF17004E17B7 /* OrderModel.swift in Sources */ = {isa = PBXBuildFile; fileRef = 83686C942B20EF17004E17B7 /* OrderModel.swift */; };
		83686C972B20FB49004E17B7 /* OrderViewController.swift in Sources */ = {isa = PBXBuildFile; fileRef = 83686C962B20FB49004E17B7 /* OrderViewController.swift */; };
		836C41052A6AFC520020D8DC /* GoogleService-Info.plist in Resources */ = {isa = PBXBuildFile; fileRef = 836C41042A6AFC520020D8DC /* GoogleService-Info.plist */; };
		838042382A77E396009C03A1 /* CategoryCollectionViewCell.swift in Sources */ = {isa = PBXBuildFile; fileRef = 838042362A77E396009C03A1 /* CategoryCollectionViewCell.swift */; };
		838042392A77E396009C03A1 /* CategoryCollectionViewCell.xib in Resources */ = {isa = PBXBuildFile; fileRef = 838042372A77E396009C03A1 /* CategoryCollectionViewCell.xib */; };
		8380423D2A77E6AB009C03A1 /* CellIdentifierString.swift in Sources */ = {isa = PBXBuildFile; fileRef = 8380423C2A77E6AB009C03A1 /* CellIdentifierString.swift */; };
		838873662A8045AF00E322C8 /* AppStrings.swift in Sources */ = {isa = PBXBuildFile; fileRef = 838873652A8045AF00E322C8 /* AppStrings.swift */; };
		838873682A805DD700E322C8 /* AppConstants.swift in Sources */ = {isa = PBXBuildFile; fileRef = 838873672A805DD600E322C8 /* AppConstants.swift */; };
		838C79E42A6D775900DABB39 /* TextFieldExtension.swift in Sources */ = {isa = PBXBuildFile; fileRef = 838C79E32A6D775900DABB39 /* TextFieldExtension.swift */; };
		839AE46C2A6FF5550062ACBE /* GoogleSignIn in Frameworks */ = {isa = PBXBuildFile; productRef = 839AE46B2A6FF5550062ACBE /* GoogleSignIn */; };
		839AE46E2A6FF5550062ACBE /* GoogleSignInSwift in Frameworks */ = {isa = PBXBuildFile; productRef = 839AE46D2A6FF5550062ACBE /* GoogleSignInSwift */; };
		839AE4702A7014400062ACBE /* ViewExtension.swift in Sources */ = {isa = PBXBuildFile; fileRef = 839AE46F2A7014400062ACBE /* ViewExtension.swift */; };
		839D97202A8BB02E005468DA /* FavouriteViewController.swift in Sources */ = {isa = PBXBuildFile; fileRef = 839D971F2A8BB02E005468DA /* FavouriteViewController.swift */; };
		839D97222A8BB043005468DA /* ProfileViewController.swift in Sources */ = {isa = PBXBuildFile; fileRef = 839D97212A8BB043005468DA /* ProfileViewController.swift */; };
		839D97242A8BB056005468DA /* ProductDetailsViewController.swift in Sources */ = {isa = PBXBuildFile; fileRef = 839D97232A8BB056005468DA /* ProductDetailsViewController.swift */; };
		83A3A7C32A6B1F6200DE7266 /* FirebaseAnalytics in Frameworks */ = {isa = PBXBuildFile; productRef = 83A3A7C22A6B1F6200DE7266 /* FirebaseAnalytics */; };
		83A3A7C52A6B1F6200DE7266 /* FirebaseAuth in Frameworks */ = {isa = PBXBuildFile; productRef = 83A3A7C42A6B1F6200DE7266 /* FirebaseAuth */; };
		83A3A7C72A6B1F6200DE7266 /* FirebaseAuthCombine-Community in Frameworks */ = {isa = PBXBuildFile; productRef = 83A3A7C62A6B1F6200DE7266 /* FirebaseAuthCombine-Community */; };
		83A3A7C92A6B1F6200DE7266 /* FirebaseFirestore in Frameworks */ = {isa = PBXBuildFile; productRef = 83A3A7C82A6B1F6200DE7266 /* FirebaseFirestore */; };
		83A3A7CB2A6B1F6200DE7266 /* FirebaseFirestoreCombine-Community in Frameworks */ = {isa = PBXBuildFile; productRef = 83A3A7CA2A6B1F6200DE7266 /* FirebaseFirestoreCombine-Community */; };
		83A3A7CD2A6B1F6200DE7266 /* FirebaseFirestoreSwift in Frameworks */ = {isa = PBXBuildFile; productRef = 83A3A7CC2A6B1F6200DE7266 /* FirebaseFirestoreSwift */; };
		83A3A7CF2A6B1F6200DE7266 /* FirebaseFunctions in Frameworks */ = {isa = PBXBuildFile; productRef = 83A3A7CE2A6B1F6200DE7266 /* FirebaseFunctions */; };
		83A3A7D12A6B1F6200DE7266 /* FirebaseFunctionsCombine-Community in Frameworks */ = {isa = PBXBuildFile; productRef = 83A3A7D02A6B1F6200DE7266 /* FirebaseFunctionsCombine-Community */; };
		83A3A7D32A6B1F6200DE7266 /* FirebaseInAppMessaging-Beta in Frameworks */ = {isa = PBXBuildFile; productRef = 83A3A7D22A6B1F6200DE7266 /* FirebaseInAppMessaging-Beta */; };
		83A3A7D52A6B1F6200DE7266 /* FirebaseInAppMessagingSwift-Beta in Frameworks */ = {isa = PBXBuildFile; productRef = 83A3A7D42A6B1F6200DE7266 /* FirebaseInAppMessagingSwift-Beta */; };
		83A3A7D72A6B1F6200DE7266 /* FirebaseMessaging in Frameworks */ = {isa = PBXBuildFile; productRef = 83A3A7D62A6B1F6200DE7266 /* FirebaseMessaging */; };
		83A3A7D92A6B1F6200DE7266 /* FirebaseStorage in Frameworks */ = {isa = PBXBuildFile; productRef = 83A3A7D82A6B1F6200DE7266 /* FirebaseStorage */; };
		83A3A7DB2A6B1F6200DE7266 /* FirebaseStorageCombine-Community in Frameworks */ = {isa = PBXBuildFile; productRef = 83A3A7DA2A6B1F6200DE7266 /* FirebaseStorageCombine-Community */; };
		83A3A7DD2A6B2C0A00DE7266 /* FirebaseReferences.swift in Sources */ = {isa = PBXBuildFile; fileRef = 83A3A7DC2A6B2C0A00DE7266 /* FirebaseReferences.swift */; };
		83A3A7DF2A6B2C7400DE7266 /* ApiManager.swift in Sources */ = {isa = PBXBuildFile; fileRef = 83A3A7DE2A6B2C7400DE7266 /* ApiManager.swift */; };
		83A3A7E12A6B2E6000DE7266 /* UserModel.swift in Sources */ = {isa = PBXBuildFile; fileRef = 83A3A7E02A6B2E6000DE7266 /* UserModel.swift */; };
		83A3A7E32A6B2FBF00DE7266 /* AuthApis.swift in Sources */ = {isa = PBXBuildFile; fileRef = 83A3A7E22A6B2FBF00DE7266 /* AuthApis.swift */; };
		83C1E94A2B23CD2A00FA3759 /* SuccessOrderViewController.swift in Sources */ = {isa = PBXBuildFile; fileRef = 83C1E9492B23CD2A00FA3759 /* SuccessOrderViewController.swift */; };
		83C8E9322B22292E00C3CFDA /* OrderDetailsViewController.swift in Sources */ = {isa = PBXBuildFile; fileRef = 83C8E9312B22292E00C3CFDA /* OrderDetailsViewController.swift */; };
		83CA7A6D2A7D2CBC00A06F56 /* CartProductCollectionViewCell.swift in Sources */ = {isa = PBXBuildFile; fileRef = 83CA7A6B2A7D2CBC00A06F56 /* CartProductCollectionViewCell.swift */; };
		83CA7A6E2A7D2CBC00A06F56 /* CartProductCollectionViewCell.xib in Resources */ = {isa = PBXBuildFile; fileRef = 83CA7A6C2A7D2CBC00A06F56 /* CartProductCollectionViewCell.xib */; };
		83D21FE22A97364700F65228 /* AddressTableViewCell.swift in Sources */ = {isa = PBXBuildFile; fileRef = 83D21FE02A97364700F65228 /* AddressTableViewCell.swift */; };
		83D21FE32A97364700F65228 /* AddressTableViewCell.xib in Resources */ = {isa = PBXBuildFile; fileRef = 83D21FE12A97364700F65228 /* AddressTableViewCell.xib */; };
		83D21FE52A973A0F00F65228 /* AddressesViewController.swift in Sources */ = {isa = PBXBuildFile; fileRef = 83D21FE42A973A0F00F65228 /* AddressesViewController.swift */; };
		83D21FE72A973A2000F65228 /* AddAddressViewController.swift in Sources */ = {isa = PBXBuildFile; fileRef = 83D21FE62A973A2000F65228 /* AddAddressViewController.swift */; };
		83D21FE92A973A3000F65228 /* EditAddressViewController.swift in Sources */ = {isa = PBXBuildFile; fileRef = 83D21FE82A973A3000F65228 /* EditAddressViewController.swift */; };
		83DF66C92A7153A000F584D5 /* ErrorStrings.swift in Sources */ = {isa = PBXBuildFile; fileRef = 83DF66C82A7153A000F584D5 /* ErrorStrings.swift */; };
		83E203CF2A79409F00026730 /* ProductCollectionViewCell.swift in Sources */ = {isa = PBXBuildFile; fileRef = 83E203CD2A79409F00026730 /* ProductCollectionViewCell.swift */; };
		83E203D02A79409F00026730 /* ProductCollectionViewCell.xib in Resources */ = {isa = PBXBuildFile; fileRef = 83E203CE2A79409F00026730 /* ProductCollectionViewCell.xib */; };
		83F2C9B22A77293200718CC9 /* CategoryModel.swift in Sources */ = {isa = PBXBuildFile; fileRef = 83F2C9B12A77293200718CC9 /* CategoryModel.swift */; };
		83F2C9B42A77293D00718CC9 /* ProductModel.swift in Sources */ = {isa = PBXBuildFile; fileRef = 83F2C9B32A77293D00718CC9 /* ProductModel.swift */; };
/* End PBXBuildFile section */

/* Begin PBXFileReference section */
		8301BFDD2A76DF1500FF34AA /* AppSegues.swift */ = {isa = PBXFileReference; lastKnownFileType = sourcecode.swift; path = AppSegues.swift; sourceTree = "<group>"; };
		8301BFDF2A76EF3600FF34AA /* HomeViewController.swift */ = {isa = PBXFileReference; lastKnownFileType = sourcecode.swift; path = HomeViewController.swift; sourceTree = "<group>"; };
		8304C2852A7C23C9000EDAA1 /* CartViewController.swift */ = {isa = PBXFileReference; lastKnownFileType = sourcecode.swift; path = CartViewController.swift; sourceTree = "<group>"; };
		833489A52AADDFCD00CCFEE6 /* CheckoutViewController.swift */ = {isa = PBXFileReference; lastKnownFileType = sourcecode.swift; path = CheckoutViewController.swift; sourceTree = "<group>"; };
		8345CB212A69C77A00D2BD55 /* RegisterViewController.swift */ = {isa = PBXFileReference; lastKnownFileType = sourcecode.swift; path = RegisterViewController.swift; sourceTree = "<group>"; };
		834A8F022A7EE75B006910F2 /* CartModel.swift */ = {isa = PBXFileReference; lastKnownFileType = sourcecode.swift; path = CartModel.swift; sourceTree = "<group>"; };
		835AF3CA2A685C3D00AB60CA /* Zodiec.app */ = {isa = PBXFileReference; explicitFileType = wrapper.application; includeInIndex = 0; path = Zodiec.app; sourceTree = BUILT_PRODUCTS_DIR; };
		835AF3CD2A685C3D00AB60CA /* AppDelegate.swift */ = {isa = PBXFileReference; lastKnownFileType = sourcecode.swift; path = AppDelegate.swift; sourceTree = "<group>"; };
		835AF3CF2A685C3D00AB60CA /* SceneDelegate.swift */ = {isa = PBXFileReference; lastKnownFileType = sourcecode.swift; path = SceneDelegate.swift; sourceTree = "<group>"; };
		835AF3D12A685C3D00AB60CA /* LoginViewController.swift */ = {isa = PBXFileReference; lastKnownFileType = sourcecode.swift; path = LoginViewController.swift; sourceTree = "<group>"; };
		835AF3D42A685C3D00AB60CA /* Base */ = {isa = PBXFileReference; lastKnownFileType = file.storyboard; name = Base; path = Base.lproj/Main.storyboard; sourceTree = "<group>"; };
		835AF3D72A685C3D00AB60CA /* Zodiec.xcdatamodel */ = {isa = PBXFileReference; lastKnownFileType = wrapper.xcdatamodel; path = Zodiec.xcdatamodel; sourceTree = "<group>"; };
		835AF3D92A685C3F00AB60CA /* Assets.xcassets */ = {isa = PBXFileReference; lastKnownFileType = folder.assetcatalog; path = Assets.xcassets; sourceTree = "<group>"; };
		835AF3DC2A685C3F00AB60CA /* Base */ = {isa = PBXFileReference; lastKnownFileType = file.storyboard; name = Base; path = Base.lproj/LaunchScreen.storyboard; sourceTree = "<group>"; };
		835AF3DE2A685C3F00AB60CA /* Info.plist */ = {isa = PBXFileReference; lastKnownFileType = text.plist.xml; path = Info.plist; sourceTree = "<group>"; };
		835CE1102AFAB30B00A4D6FE /* PreferencesViewController.swift */ = {isa = PBXFileReference; lastKnownFileType = sourcecode.swift; path = PreferencesViewController.swift; sourceTree = "<group>"; };
		835CE1152AFAB77300A4D6FE /* OrderTableViewCell.swift */ = {isa = PBXFileReference; lastKnownFileType = sourcecode.swift; path = OrderTableViewCell.swift; sourceTree = "<group>"; };
		835CE1162AFAB77300A4D6FE /* OrderTableViewCell.xib */ = {isa = PBXFileReference; lastKnownFileType = file.xib; path = OrderTableViewCell.xib; sourceTree = "<group>"; };
		8363EC8C2A8AA1E90045D375 /* CouponModel.swift */ = {isa = PBXFileReference; lastKnownFileType = sourcecode.swift; path = CouponModel.swift; sourceTree = "<group>"; };
		836545E42A6D419C00463077 /* Alert.swift */ = {isa = PBXFileReference; lastKnownFileType = sourcecode.swift; path = Alert.swift; sourceTree = "<group>"; };
		83686C942B20EF17004E17B7 /* OrderModel.swift */ = {isa = PBXFileReference; lastKnownFileType = sourcecode.swift; path = OrderModel.swift; sourceTree = "<group>"; };
		83686C962B20FB49004E17B7 /* OrderViewController.swift */ = {isa = PBXFileReference; lastKnownFileType = sourcecode.swift; path = OrderViewController.swift; sourceTree = "<group>"; };
		836C41042A6AFC520020D8DC /* GoogleService-Info.plist */ = {isa = PBXFileReference; fileEncoding = 4; lastKnownFileType = text.plist.xml; path = "GoogleService-Info.plist"; sourceTree = "<group>"; };
		838042362A77E396009C03A1 /* CategoryCollectionViewCell.swift */ = {isa = PBXFileReference; lastKnownFileType = sourcecode.swift; path = CategoryCollectionViewCell.swift; sourceTree = "<group>"; };
		838042372A77E396009C03A1 /* CategoryCollectionViewCell.xib */ = {isa = PBXFileReference; lastKnownFileType = file.xib; path = CategoryCollectionViewCell.xib; sourceTree = "<group>"; };
		8380423C2A77E6AB009C03A1 /* CellIdentifierString.swift */ = {isa = PBXFileReference; lastKnownFileType = sourcecode.swift; path = CellIdentifierString.swift; sourceTree = "<group>"; };
		838873652A8045AF00E322C8 /* AppStrings.swift */ = {isa = PBXFileReference; lastKnownFileType = sourcecode.swift; path = AppStrings.swift; sourceTree = "<group>"; };
		838873672A805DD600E322C8 /* AppConstants.swift */ = {isa = PBXFileReference; lastKnownFileType = sourcecode.swift; path = AppConstants.swift; sourceTree = "<group>"; };
		838C79E32A6D775900DABB39 /* TextFieldExtension.swift */ = {isa = PBXFileReference; lastKnownFileType = sourcecode.swift; path = TextFieldExtension.swift; sourceTree = "<group>"; };
		839AE46F2A7014400062ACBE /* ViewExtension.swift */ = {isa = PBXFileReference; lastKnownFileType = sourcecode.swift; path = ViewExtension.swift; sourceTree = "<group>"; };
		839D971F2A8BB02E005468DA /* FavouriteViewController.swift */ = {isa = PBXFileReference; lastKnownFileType = sourcecode.swift; path = FavouriteViewController.swift; sourceTree = "<group>"; };
		839D97212A8BB043005468DA /* ProfileViewController.swift */ = {isa = PBXFileReference; lastKnownFileType = sourcecode.swift; path = ProfileViewController.swift; sourceTree = "<group>"; };
		839D97232A8BB056005468DA /* ProductDetailsViewController.swift */ = {isa = PBXFileReference; lastKnownFileType = sourcecode.swift; path = ProductDetailsViewController.swift; sourceTree = "<group>"; };
		83A3A7DC2A6B2C0A00DE7266 /* FirebaseReferences.swift */ = {isa = PBXFileReference; lastKnownFileType = sourcecode.swift; path = FirebaseReferences.swift; sourceTree = "<group>"; };
		83A3A7DE2A6B2C7400DE7266 /* ApiManager.swift */ = {isa = PBXFileReference; lastKnownFileType = sourcecode.swift; path = ApiManager.swift; sourceTree = "<group>"; };
		83A3A7E02A6B2E6000DE7266 /* UserModel.swift */ = {isa = PBXFileReference; lastKnownFileType = sourcecode.swift; path = UserModel.swift; sourceTree = "<group>"; };
		83A3A7E22A6B2FBF00DE7266 /* AuthApis.swift */ = {isa = PBXFileReference; lastKnownFileType = sourcecode.swift; path = AuthApis.swift; sourceTree = "<group>"; };
		83C1E9492B23CD2A00FA3759 /* SuccessOrderViewController.swift */ = {isa = PBXFileReference; lastKnownFileType = sourcecode.swift; path = SuccessOrderViewController.swift; sourceTree = "<group>"; };
		83C8E9312B22292E00C3CFDA /* OrderDetailsViewController.swift */ = {isa = PBXFileReference; lastKnownFileType = sourcecode.swift; path = OrderDetailsViewController.swift; sourceTree = "<group>"; };
		83CA7A6B2A7D2CBC00A06F56 /* CartProductCollectionViewCell.swift */ = {isa = PBXFileReference; lastKnownFileType = sourcecode.swift; path = CartProductCollectionViewCell.swift; sourceTree = "<group>"; };
		83CA7A6C2A7D2CBC00A06F56 /* CartProductCollectionViewCell.xib */ = {isa = PBXFileReference; lastKnownFileType = file.xib; path = CartProductCollectionViewCell.xib; sourceTree = "<group>"; };
		83D21FE02A97364700F65228 /* AddressTableViewCell.swift */ = {isa = PBXFileReference; lastKnownFileType = sourcecode.swift; path = AddressTableViewCell.swift; sourceTree = "<group>"; };
		83D21FE12A97364700F65228 /* AddressTableViewCell.xib */ = {isa = PBXFileReference; lastKnownFileType = file.xib; path = AddressTableViewCell.xib; sourceTree = "<group>"; };
		83D21FE42A973A0F00F65228 /* AddressesViewController.swift */ = {isa = PBXFileReference; lastKnownFileType = sourcecode.swift; path = AddressesViewController.swift; sourceTree = "<group>"; };
		83D21FE62A973A2000F65228 /* AddAddressViewController.swift */ = {isa = PBXFileReference; lastKnownFileType = sourcecode.swift; path = AddAddressViewController.swift; sourceTree = "<group>"; };
		83D21FE82A973A3000F65228 /* EditAddressViewController.swift */ = {isa = PBXFileReference; lastKnownFileType = sourcecode.swift; path = EditAddressViewController.swift; sourceTree = "<group>"; };
		83DF66C82A7153A000F584D5 /* ErrorStrings.swift */ = {isa = PBXFileReference; lastKnownFileType = sourcecode.swift; path = ErrorStrings.swift; sourceTree = "<group>"; };
		83E203CD2A79409F00026730 /* ProductCollectionViewCell.swift */ = {isa = PBXFileReference; lastKnownFileType = sourcecode.swift; path = ProductCollectionViewCell.swift; sourceTree = "<group>"; };
		83E203CE2A79409F00026730 /* ProductCollectionViewCell.xib */ = {isa = PBXFileReference; lastKnownFileType = file.xib; path = ProductCollectionViewCell.xib; sourceTree = "<group>"; };
		83F2C9B12A77293200718CC9 /* CategoryModel.swift */ = {isa = PBXFileReference; lastKnownFileType = sourcecode.swift; path = CategoryModel.swift; sourceTree = "<group>"; };
		83F2C9B32A77293D00718CC9 /* ProductModel.swift */ = {isa = PBXFileReference; lastKnownFileType = sourcecode.swift; path = ProductModel.swift; sourceTree = "<group>"; };
/* End PBXFileReference section */

/* Begin PBXFrameworksBuildPhase section */
		835AF3C72A685C3D00AB60CA /* Frameworks */ = {
			isa = PBXFrameworksBuildPhase;
			buildActionMask = 2147483647;
			files = (
				839AE46E2A6FF5550062ACBE /* GoogleSignInSwift in Frameworks */,
				83A3A7C32A6B1F6200DE7266 /* FirebaseAnalytics in Frameworks */,
				83A3A7CF2A6B1F6200DE7266 /* FirebaseFunctions in Frameworks */,
				83A3A7D52A6B1F6200DE7266 /* FirebaseInAppMessagingSwift-Beta in Frameworks */,
				83A3A7DB2A6B1F6200DE7266 /* FirebaseStorageCombine-Community in Frameworks */,
				83A3A7D32A6B1F6200DE7266 /* FirebaseInAppMessaging-Beta in Frameworks */,
				83A3A7C92A6B1F6200DE7266 /* FirebaseFirestore in Frameworks */,
				83A3A7D92A6B1F6200DE7266 /* FirebaseStorage in Frameworks */,
				83A3A7C72A6B1F6200DE7266 /* FirebaseAuthCombine-Community in Frameworks */,
				83A3A7CB2A6B1F6200DE7266 /* FirebaseFirestoreCombine-Community in Frameworks */,
				83A3A7C52A6B1F6200DE7266 /* FirebaseAuth in Frameworks */,
				83A3A7CD2A6B1F6200DE7266 /* FirebaseFirestoreSwift in Frameworks */,
				83A3A7D72A6B1F6200DE7266 /* FirebaseMessaging in Frameworks */,
				83A3A7D12A6B1F6200DE7266 /* FirebaseFunctionsCombine-Community in Frameworks */,
				839AE46C2A6FF5550062ACBE /* GoogleSignIn in Frameworks */,
			);
			runOnlyForDeploymentPostprocessing = 0;
		};
/* End PBXFrameworksBuildPhase section */

/* Begin PBXGroup section */
		835AF3C12A685C3D00AB60CA = {
			isa = PBXGroup;
			children = (
				835AF3CC2A685C3D00AB60CA /* Zodiec */,
				835AF3CB2A685C3D00AB60CA /* Products */,
			);
			sourceTree = "<group>";
		};
		835AF3CB2A685C3D00AB60CA /* Products */ = {
			isa = PBXGroup;
			children = (
				835AF3CA2A685C3D00AB60CA /* Zodiec.app */,
			);
			name = Products;
			sourceTree = "<group>";
		};
		835AF3CC2A685C3D00AB60CA /* Zodiec */ = {
			isa = PBXGroup;
			children = (
				83DF66C72A71538F00F584D5 /* Resourses */,
				838C79E22A6D773800DABB39 /* Extensions */,
				836545E32A6D406400463077 /* Utlities */,
				835AF3E82A68627C00AB60CA /* Network */,
				835AF3E72A68627400AB60CA /* Model */,
				835AF3E62A68626500AB60CA /* View */,
				835AF3E42A68623D00AB60CA /* App */,
				835AF3E52A68624900AB60CA /* Controllers */,
				835AF3D92A685C3F00AB60CA /* Assets.xcassets */,
				835AF3DB2A685C3F00AB60CA /* LaunchScreen.storyboard */,
				835AF3DE2A685C3F00AB60CA /* Info.plist */,
				836C41042A6AFC520020D8DC /* GoogleService-Info.plist */,
				835AF3D62A685C3D00AB60CA /* Zodiec.xcdatamodeld */,
			);
			path = Zodiec;
			sourceTree = "<group>";
		};
		835AF3E42A68623D00AB60CA /* App */ = {
			isa = PBXGroup;
			children = (
				835AF3CD2A685C3D00AB60CA /* AppDelegate.swift */,
				835AF3CF2A685C3D00AB60CA /* SceneDelegate.swift */,
			);
			path = App;
			sourceTree = "<group>";
		};
		835AF3E52A68624900AB60CA /* Controllers */ = {
			isa = PBXGroup;
			children = (
				835AF3D12A685C3D00AB60CA /* LoginViewController.swift */,
				8345CB212A69C77A00D2BD55 /* RegisterViewController.swift */,
				8301BFDF2A76EF3600FF34AA /* HomeViewController.swift */,
				8304C2852A7C23C9000EDAA1 /* CartViewController.swift */,
				839D971F2A8BB02E005468DA /* FavouriteViewController.swift */,
				839D97212A8BB043005468DA /* ProfileViewController.swift */,
				839D97232A8BB056005468DA /* ProductDetailsViewController.swift */,
				83D21FE42A973A0F00F65228 /* AddressesViewController.swift */,
				83D21FE62A973A2000F65228 /* AddAddressViewController.swift */,
				83D21FE82A973A3000F65228 /* EditAddressViewController.swift */,
				833489A52AADDFCD00CCFEE6 /* CheckoutViewController.swift */,
				835CE1102AFAB30B00A4D6FE /* PreferencesViewController.swift */,
				83686C962B20FB49004E17B7 /* OrderViewController.swift */,
				83C8E9312B22292E00C3CFDA /* OrderDetailsViewController.swift */,
				83C1E9492B23CD2A00FA3759 /* SuccessOrderViewController.swift */,
			);
			path = Controllers;
			sourceTree = "<group>";
		};
		835AF3E62A68626500AB60CA /* View */ = {
			isa = PBXGroup;
			children = (
				838042352A77E365009C03A1 /* Cells */,
				835AF3D32A685C3D00AB60CA /* Main.storyboard */,
			);
			path = View;
			sourceTree = "<group>";
		};
		835AF3E72A68627400AB60CA /* Model */ = {
			isa = PBXGroup;
			children = (
				83A3A7E02A6B2E6000DE7266 /* UserModel.swift */,
				83F2C9B12A77293200718CC9 /* CategoryModel.swift */,
				83F2C9B32A77293D00718CC9 /* ProductModel.swift */,
				834A8F022A7EE75B006910F2 /* CartModel.swift */,
				8363EC8C2A8AA1E90045D375 /* CouponModel.swift */,
				83686C942B20EF17004E17B7 /* OrderModel.swift */,
			);
			path = Model;
			sourceTree = "<group>";
		};
		835AF3E82A68627C00AB60CA /* Network */ = {
			isa = PBXGroup;
			children = (
				83A3A7DC2A6B2C0A00DE7266 /* FirebaseReferences.swift */,
				83A3A7DE2A6B2C7400DE7266 /* ApiManager.swift */,
				83A3A7E22A6B2FBF00DE7266 /* AuthApis.swift */,
			);
			path = Network;
			sourceTree = "<group>";
		};
		835CE1122AFAB6E300A4D6FE /* OrderCell */ = {
			isa = PBXGroup;
			children = (
				835CE1152AFAB77300A4D6FE /* OrderTableViewCell.swift */,
				835CE1162AFAB77300A4D6FE /* OrderTableViewCell.xib */,
			);
			path = OrderCell;
			sourceTree = "<group>";
		};
		836545E32A6D406400463077 /* Utlities */ = {
			isa = PBXGroup;
			children = (
				836545E42A6D419C00463077 /* Alert.swift */,
			);
			path = Utlities;
			sourceTree = "<group>";
		};
		838042352A77E365009C03A1 /* Cells */ = {
			isa = PBXGroup;
			children = (
				835CE1122AFAB6E300A4D6FE /* OrderCell */,
				83D21FDF2A97361800F65228 /* AddressCell */,
				83E203CC2A79407F00026730 /* ProductCell */,
				8380423A2A77E39C009C03A1 /* Category Cell */,
				83CA7A6F2A7D2CC100A06F56 /* Cart Cell */,
			);
			path = Cells;
			sourceTree = "<group>";
		};
		8380423A2A77E39C009C03A1 /* Category Cell */ = {
			isa = PBXGroup;
			children = (
				838042362A77E396009C03A1 /* CategoryCollectionViewCell.swift */,
				838042372A77E396009C03A1 /* CategoryCollectionViewCell.xib */,
			);
			path = "Category Cell";
			sourceTree = "<group>";
		};
		838C79E22A6D773800DABB39 /* Extensions */ = {
			isa = PBXGroup;
			children = (
				838C79E32A6D775900DABB39 /* TextFieldExtension.swift */,
				839AE46F2A7014400062ACBE /* ViewExtension.swift */,
			);
			path = Extensions;
			sourceTree = "<group>";
		};
		83CA7A6F2A7D2CC100A06F56 /* Cart Cell */ = {
			isa = PBXGroup;
			children = (
				83CA7A6B2A7D2CBC00A06F56 /* CartProductCollectionViewCell.swift */,
				83CA7A6C2A7D2CBC00A06F56 /* CartProductCollectionViewCell.xib */,
			);
			path = "Cart Cell";
			sourceTree = "<group>";
		};
		83D21FDF2A97361800F65228 /* AddressCell */ = {
			isa = PBXGroup;
			children = (
				83D21FE02A97364700F65228 /* AddressTableViewCell.swift */,
				83D21FE12A97364700F65228 /* AddressTableViewCell.xib */,
			);
			path = AddressCell;
			sourceTree = "<group>";
		};
		83DF66C72A71538F00F584D5 /* Resourses */ = {
			isa = PBXGroup;
			children = (
				83DF66C82A7153A000F584D5 /* ErrorStrings.swift */,
				8301BFDD2A76DF1500FF34AA /* AppSegues.swift */,
				8380423C2A77E6AB009C03A1 /* CellIdentifierString.swift */,
				838873652A8045AF00E322C8 /* AppStrings.swift */,
				838873672A805DD600E322C8 /* AppConstants.swift */,
			);
			path = Resourses;
			sourceTree = "<group>";
		};
		83E203CC2A79407F00026730 /* ProductCell */ = {
			isa = PBXGroup;
			children = (
				83E203CD2A79409F00026730 /* ProductCollectionViewCell.swift */,
				83E203CE2A79409F00026730 /* ProductCollectionViewCell.xib */,
			);
			path = ProductCell;
			sourceTree = "<group>";
		};
/* End PBXGroup section */

/* Begin PBXNativeTarget section */
		835AF3C92A685C3D00AB60CA /* Zodiec */ = {
			isa = PBXNativeTarget;
			buildConfigurationList = 835AF3E12A685C3F00AB60CA /* Build configuration list for PBXNativeTarget "Zodiec" */;
			buildPhases = (
				835AF3C62A685C3D00AB60CA /* Sources */,
				835AF3C72A685C3D00AB60CA /* Frameworks */,
				835AF3C82A685C3D00AB60CA /* Resources */,
			);
			buildRules = (
			);
			dependencies = (
			);
			name = Zodiec;
			packageProductDependencies = (
				83A3A7C22A6B1F6200DE7266 /* FirebaseAnalytics */,
				83A3A7C42A6B1F6200DE7266 /* FirebaseAuth */,
				83A3A7C62A6B1F6200DE7266 /* FirebaseAuthCombine-Community */,
				83A3A7C82A6B1F6200DE7266 /* FirebaseFirestore */,
				83A3A7CA2A6B1F6200DE7266 /* FirebaseFirestoreCombine-Community */,
				83A3A7CC2A6B1F6200DE7266 /* FirebaseFirestoreSwift */,
				83A3A7CE2A6B1F6200DE7266 /* FirebaseFunctions */,
				83A3A7D02A6B1F6200DE7266 /* FirebaseFunctionsCombine-Community */,
				83A3A7D22A6B1F6200DE7266 /* FirebaseInAppMessaging-Beta */,
				83A3A7D42A6B1F6200DE7266 /* FirebaseInAppMessagingSwift-Beta */,
				83A3A7D62A6B1F6200DE7266 /* FirebaseMessaging */,
				83A3A7D82A6B1F6200DE7266 /* FirebaseStorage */,
				83A3A7DA2A6B1F6200DE7266 /* FirebaseStorageCombine-Community */,
				839AE46B2A6FF5550062ACBE /* GoogleSignIn */,
				839AE46D2A6FF5550062ACBE /* GoogleSignInSwift */,
			);
			productName = Zodiec;
			productReference = 835AF3CA2A685C3D00AB60CA /* Zodiec.app */;
			productType = "com.apple.product-type.application";
		};
/* End PBXNativeTarget section */

/* Begin PBXProject section */
		835AF3C22A685C3D00AB60CA /* Project object */ = {
			isa = PBXProject;
			attributes = {
				BuildIndependentTargetsInParallel = 1;
				LastSwiftUpdateCheck = 1320;
				LastUpgradeCheck = 1320;
				TargetAttributes = {
					835AF3C92A685C3D00AB60CA = {
						CreatedOnToolsVersion = 13.2.1;
					};
				};
			};
			buildConfigurationList = 835AF3C52A685C3D00AB60CA /* Build configuration list for PBXProject "Zodiec" */;
			compatibilityVersion = "Xcode 13.0";
			developmentRegion = en;
			hasScannedForEncodings = 0;
			knownRegions = (
				en,
				Base,
			);
			mainGroup = 835AF3C12A685C3D00AB60CA;
			packageReferences = (
				83A3A7C12A6B1F6100DE7266 /* XCRemoteSwiftPackageReference "firebase-ios-sdk" */,
				839AE46A2A6FF5550062ACBE /* XCRemoteSwiftPackageReference "GoogleSignIn-iOS" */,
			);
			productRefGroup = 835AF3CB2A685C3D00AB60CA /* Products */;
			projectDirPath = "";
			projectRoot = "";
			targets = (
				835AF3C92A685C3D00AB60CA /* Zodiec */,
			);
		};
/* End PBXProject section */

/* Begin PBXResourcesBuildPhase section */
		835AF3C82A685C3D00AB60CA /* Resources */ = {
			isa = PBXResourcesBuildPhase;
			buildActionMask = 2147483647;
			files = (
				83CA7A6E2A7D2CBC00A06F56 /* CartProductCollectionViewCell.xib in Resources */,
				835AF3DD2A685C3F00AB60CA /* LaunchScreen.storyboard in Resources */,
				83D21FE32A97364700F65228 /* AddressTableViewCell.xib in Resources */,
				835CE1182AFAB77300A4D6FE /* OrderTableViewCell.xib in Resources */,
				838042392A77E396009C03A1 /* CategoryCollectionViewCell.xib in Resources */,
				83E203D02A79409F00026730 /* ProductCollectionViewCell.xib in Resources */,
				836C41052A6AFC520020D8DC /* GoogleService-Info.plist in Resources */,
				835AF3DA2A685C3F00AB60CA /* Assets.xcassets in Resources */,
				835AF3D52A685C3D00AB60CA /* Main.storyboard in Resources */,
			);
			runOnlyForDeploymentPostprocessing = 0;
		};
/* End PBXResourcesBuildPhase section */

/* Begin PBXSourcesBuildPhase section */
		835AF3C62A685C3D00AB60CA /* Sources */ = {
			isa = PBXSourcesBuildPhase;
			buildActionMask = 2147483647;
			files = (
				8301BFDE2A76DF1500FF34AA /* AppSegues.swift in Sources */,
				83D21FE92A973A3000F65228 /* EditAddressViewController.swift in Sources */,
				83A3A7DD2A6B2C0A00DE7266 /* FirebaseReferences.swift in Sources */,
				83CA7A6D2A7D2CBC00A06F56 /* CartProductCollectionViewCell.swift in Sources */,
				83E203CF2A79409F00026730 /* ProductCollectionViewCell.swift in Sources */,
				835CE1112AFAB30B00A4D6FE /* PreferencesViewController.swift in Sources */,
				835CE1172AFAB77300A4D6FE /* OrderTableViewCell.swift in Sources */,
				839D97202A8BB02E005468DA /* FavouriteViewController.swift in Sources */,
				83DF66C92A7153A000F584D5 /* ErrorStrings.swift in Sources */,
				83F2C9B42A77293D00718CC9 /* ProductModel.swift in Sources */,
				83D21FE72A973A2000F65228 /* AddAddressViewController.swift in Sources */,
				838873662A8045AF00E322C8 /* AppStrings.swift in Sources */,
				838042382A77E396009C03A1 /* CategoryCollectionViewCell.swift in Sources */,
				835AF3D22A685C3D00AB60CA /* LoginViewController.swift in Sources */,
				8345CB222A69C77A00D2BD55 /* RegisterViewController.swift in Sources */,
				8301BFE02A76EF3600FF34AA /* HomeViewController.swift in Sources */,
				83D21FE22A97364700F65228 /* AddressTableViewCell.swift in Sources */,
				838C79E42A6D775900DABB39 /* TextFieldExtension.swift in Sources */,
				83A3A7DF2A6B2C7400DE7266 /* ApiManager.swift in Sources */,
				839AE4702A7014400062ACBE /* ViewExtension.swift in Sources */,
				839D97242A8BB056005468DA /* ProductDetailsViewController.swift in Sources */,
				8380423D2A77E6AB009C03A1 /* CellIdentifierString.swift in Sources */,
				836545E52A6D419C00463077 /* Alert.swift in Sources */,
				83C8E9322B22292E00C3CFDA /* OrderDetailsViewController.swift in Sources */,
				83A3A7E12A6B2E6000DE7266 /* UserModel.swift in Sources */,
				839D97222A8BB043005468DA /* ProfileViewController.swift in Sources */,
				835AF3D82A685C3D00AB60CA /* Zodiec.xcdatamodeld in Sources */,
				8304C2862A7C23C9000EDAA1 /* CartViewController.swift in Sources */,
				8363EC8D2A8AA1E90045D375 /* CouponModel.swift in Sources */,
				838873682A805DD700E322C8 /* AppConstants.swift in Sources */,
				83C1E94A2B23CD2A00FA3759 /* SuccessOrderViewController.swift in Sources */,
				83686C972B20FB49004E17B7 /* OrderViewController.swift in Sources */,
				83A3A7E32A6B2FBF00DE7266 /* AuthApis.swift in Sources */,
				833489A62AADDFCD00CCFEE6 /* CheckoutViewController.swift in Sources */,
				83F2C9B22A77293200718CC9 /* CategoryModel.swift in Sources */,
				834A8F032A7EE75B006910F2 /* CartModel.swift in Sources */,
				83D21FE52A973A0F00F65228 /* AddressesViewController.swift in Sources */,
				835AF3CE2A685C3D00AB60CA /* AppDelegate.swift in Sources */,
				83686C952B20EF17004E17B7 /* OrderModel.swift in Sources */,
				835AF3D02A685C3D00AB60CA /* SceneDelegate.swift in Sources */,
			);
			runOnlyForDeploymentPostprocessing = 0;
		};
/* End PBXSourcesBuildPhase section */

/* Begin PBXVariantGroup section */
		835AF3D32A685C3D00AB60CA /* Main.storyboard */ = {
			isa = PBXVariantGroup;
			children = (
				835AF3D42A685C3D00AB60CA /* Base */,
			);
			name = Main.storyboard;
			sourceTree = "<group>";
		};
		835AF3DB2A685C3F00AB60CA /* LaunchScreen.storyboard */ = {
			isa = PBXVariantGroup;
			children = (
				835AF3DC2A685C3F00AB60CA /* Base */,
			);
			name = LaunchScreen.storyboard;
			sourceTree = "<group>";
		};
/* End PBXVariantGroup section */

/* Begin XCBuildConfiguration section */
		835AF3DF2A685C3F00AB60CA /* Debug */ = {
			isa = XCBuildConfiguration;
			buildSettings = {
				ALWAYS_SEARCH_USER_PATHS = NO;
				CLANG_ANALYZER_NONNULL = YES;
				CLANG_ANALYZER_NUMBER_OBJECT_CONVERSION = YES_AGGRESSIVE;
				CLANG_CXX_LANGUAGE_STANDARD = "gnu++17";
				CLANG_CXX_LIBRARY = "libc++";
				CLANG_ENABLE_MODULES = YES;
				CLANG_ENABLE_OBJC_ARC = YES;
				CLANG_ENABLE_OBJC_WEAK = YES;
				CLANG_WARN_BLOCK_CAPTURE_AUTORELEASING = YES;
				CLANG_WARN_BOOL_CONVERSION = YES;
				CLANG_WARN_COMMA = YES;
				CLANG_WARN_CONSTANT_CONVERSION = YES;
				CLANG_WARN_DEPRECATED_OBJC_IMPLEMENTATIONS = YES;
				CLANG_WARN_DIRECT_OBJC_ISA_USAGE = YES_ERROR;
				CLANG_WARN_DOCUMENTATION_COMMENTS = YES;
				CLANG_WARN_EMPTY_BODY = YES;
				CLANG_WARN_ENUM_CONVERSION = YES;
				CLANG_WARN_INFINITE_RECURSION = YES;
				CLANG_WARN_INT_CONVERSION = YES;
				CLANG_WARN_NON_LITERAL_NULL_CONVERSION = YES;
				CLANG_WARN_OBJC_IMPLICIT_RETAIN_SELF = YES;
				CLANG_WARN_OBJC_LITERAL_CONVERSION = YES;
				CLANG_WARN_OBJC_ROOT_CLASS = YES_ERROR;
				CLANG_WARN_QUOTED_INCLUDE_IN_FRAMEWORK_HEADER = YES;
				CLANG_WARN_RANGE_LOOP_ANALYSIS = YES;
				CLANG_WARN_STRICT_PROTOTYPES = YES;
				CLANG_WARN_SUSPICIOUS_MOVE = YES;
				CLANG_WARN_UNGUARDED_AVAILABILITY = YES_AGGRESSIVE;
				CLANG_WARN_UNREACHABLE_CODE = YES;
				CLANG_WARN__DUPLICATE_METHOD_MATCH = YES;
				COPY_PHASE_STRIP = NO;
				DEBUG_INFORMATION_FORMAT = dwarf;
				ENABLE_STRICT_OBJC_MSGSEND = YES;
				ENABLE_TESTABILITY = YES;
				GCC_C_LANGUAGE_STANDARD = gnu11;
				GCC_DYNAMIC_NO_PIC = NO;
				GCC_NO_COMMON_BLOCKS = YES;
				GCC_OPTIMIZATION_LEVEL = 0;
				GCC_PREPROCESSOR_DEFINITIONS = (
					"DEBUG=1",
					"$(inherited)",
				);
				GCC_WARN_64_TO_32_BIT_CONVERSION = YES;
				GCC_WARN_ABOUT_RETURN_TYPE = YES_ERROR;
				GCC_WARN_UNDECLARED_SELECTOR = YES;
				GCC_WARN_UNINITIALIZED_AUTOS = YES_AGGRESSIVE;
				GCC_WARN_UNUSED_FUNCTION = YES;
				GCC_WARN_UNUSED_VARIABLE = YES;
				IPHONEOS_DEPLOYMENT_TARGET = 15.2;
				MTL_ENABLE_DEBUG_INFO = INCLUDE_SOURCE;
				MTL_FAST_MATH = YES;
				ONLY_ACTIVE_ARCH = YES;
				SDKROOT = iphoneos;
				SWIFT_ACTIVE_COMPILATION_CONDITIONS = DEBUG;
				SWIFT_OPTIMIZATION_LEVEL = "-Onone";
			};
			name = Debug;
		};
		835AF3E02A685C3F00AB60CA /* Release */ = {
			isa = XCBuildConfiguration;
			buildSettings = {
				ALWAYS_SEARCH_USER_PATHS = NO;
				CLANG_ANALYZER_NONNULL = YES;
				CLANG_ANALYZER_NUMBER_OBJECT_CONVERSION = YES_AGGRESSIVE;
				CLANG_CXX_LANGUAGE_STANDARD = "gnu++17";
				CLANG_CXX_LIBRARY = "libc++";
				CLANG_ENABLE_MODULES = YES;
				CLANG_ENABLE_OBJC_ARC = YES;
				CLANG_ENABLE_OBJC_WEAK = YES;
				CLANG_WARN_BLOCK_CAPTURE_AUTORELEASING = YES;
				CLANG_WARN_BOOL_CONVERSION = YES;
				CLANG_WARN_COMMA = YES;
				CLANG_WARN_CONSTANT_CONVERSION = YES;
				CLANG_WARN_DEPRECATED_OBJC_IMPLEMENTATIONS = YES;
				CLANG_WARN_DIRECT_OBJC_ISA_USAGE = YES_ERROR;
				CLANG_WARN_DOCUMENTATION_COMMENTS = YES;
				CLANG_WARN_EMPTY_BODY = YES;
				CLANG_WARN_ENUM_CONVERSION = YES;
				CLANG_WARN_INFINITE_RECURSION = YES;
				CLANG_WARN_INT_CONVERSION = YES;
				CLANG_WARN_NON_LITERAL_NULL_CONVERSION = YES;
				CLANG_WARN_OBJC_IMPLICIT_RETAIN_SELF = YES;
				CLANG_WARN_OBJC_LITERAL_CONVERSION = YES;
				CLANG_WARN_OBJC_ROOT_CLASS = YES_ERROR;
				CLANG_WARN_QUOTED_INCLUDE_IN_FRAMEWORK_HEADER = YES;
				CLANG_WARN_RANGE_LOOP_ANALYSIS = YES;
				CLANG_WARN_STRICT_PROTOTYPES = YES;
				CLANG_WARN_SUSPICIOUS_MOVE = YES;
				CLANG_WARN_UNGUARDED_AVAILABILITY = YES_AGGRESSIVE;
				CLANG_WARN_UNREACHABLE_CODE = YES;
				CLANG_WARN__DUPLICATE_METHOD_MATCH = YES;
				COPY_PHASE_STRIP = NO;
				DEBUG_INFORMATION_FORMAT = "dwarf-with-dsym";
				ENABLE_NS_ASSERTIONS = NO;
				ENABLE_STRICT_OBJC_MSGSEND = YES;
				GCC_C_LANGUAGE_STANDARD = gnu11;
				GCC_NO_COMMON_BLOCKS = YES;
				GCC_WARN_64_TO_32_BIT_CONVERSION = YES;
				GCC_WARN_ABOUT_RETURN_TYPE = YES_ERROR;
				GCC_WARN_UNDECLARED_SELECTOR = YES;
				GCC_WARN_UNINITIALIZED_AUTOS = YES_AGGRESSIVE;
				GCC_WARN_UNUSED_FUNCTION = YES;
				GCC_WARN_UNUSED_VARIABLE = YES;
				IPHONEOS_DEPLOYMENT_TARGET = 15.2;
				MTL_ENABLE_DEBUG_INFO = NO;
				MTL_FAST_MATH = YES;
				SDKROOT = iphoneos;
				SWIFT_COMPILATION_MODE = wholemodule;
				SWIFT_OPTIMIZATION_LEVEL = "-O";
				VALIDATE_PRODUCT = YES;
			};
			name = Release;
		};
		835AF3E22A685C3F00AB60CA /* Debug */ = {
			isa = XCBuildConfiguration;
			buildSettings = {
				ASSETCATALOG_COMPILER_APPICON_NAME = AppIcon;
				ASSETCATALOG_COMPILER_GLOBAL_ACCENT_COLOR_NAME = AccentColor;
				CODE_SIGN_STYLE = Automatic;
				CURRENT_PROJECT_VERSION = 1;
				GENERATE_INFOPLIST_FILE = YES;
				INFOPLIST_FILE = Zodiec/Info.plist;
				INFOPLIST_KEY_UIApplicationSupportsIndirectInputEvents = YES;
				INFOPLIST_KEY_UILaunchStoryboardName = LaunchScreen;
				INFOPLIST_KEY_UIMainStoryboardFile = Main;
				INFOPLIST_KEY_UISupportedInterfaceOrientations_iPad = "UIInterfaceOrientationPortrait UIInterfaceOrientationPortraitUpsideDown UIInterfaceOrientationLandscapeLeft UIInterfaceOrientationLandscapeRight";
				INFOPLIST_KEY_UISupportedInterfaceOrientations_iPhone = "UIInterfaceOrientationPortrait UIInterfaceOrientationLandscapeLeft UIInterfaceOrientationLandscapeRight";
				LD_RUNPATH_SEARCH_PATHS = (
					"$(inherited)",
					"@executable_path/Frameworks",
				);
				MARKETING_VERSION = 1.0;
				PRODUCT_BUNDLE_IDENTIFIER = com.ellashy.Zodiec;
				PRODUCT_NAME = "$(TARGET_NAME)";
				SWIFT_EMIT_LOC_STRINGS = YES;
				SWIFT_VERSION = 5.0;
				TARGETED_DEVICE_FAMILY = "1,2";
			};
			name = Debug;
		};
		835AF3E32A685C3F00AB60CA /* Release */ = {
			isa = XCBuildConfiguration;
			buildSettings = {
				ASSETCATALOG_COMPILER_APPICON_NAME = AppIcon;
				ASSETCATALOG_COMPILER_GLOBAL_ACCENT_COLOR_NAME = AccentColor;
				CODE_SIGN_STYLE = Automatic;
				CURRENT_PROJECT_VERSION = 1;
				GENERATE_INFOPLIST_FILE = YES;
				INFOPLIST_FILE = Zodiec/Info.plist;
				INFOPLIST_KEY_UIApplicationSupportsIndirectInputEvents = YES;
				INFOPLIST_KEY_UILaunchStoryboardName = LaunchScreen;
				INFOPLIST_KEY_UIMainStoryboardFile = Main;
				INFOPLIST_KEY_UISupportedInterfaceOrientations_iPad = "UIInterfaceOrientationPortrait UIInterfaceOrientationPortraitUpsideDown UIInterfaceOrientationLandscapeLeft UIInterfaceOrientationLandscapeRight";
				INFOPLIST_KEY_UISupportedInterfaceOrientations_iPhone = "UIInterfaceOrientationPortrait UIInterfaceOrientationLandscapeLeft UIInterfaceOrientationLandscapeRight";
				LD_RUNPATH_SEARCH_PATHS = (
					"$(inherited)",
					"@executable_path/Frameworks",
				);
				MARKETING_VERSION = 1.0;
				PRODUCT_BUNDLE_IDENTIFIER = com.ellashy.Zodiec;
				PRODUCT_NAME = "$(TARGET_NAME)";
				SWIFT_EMIT_LOC_STRINGS = YES;
				SWIFT_VERSION = 5.0;
				TARGETED_DEVICE_FAMILY = "1,2";
			};
			name = Release;
		};
/* End XCBuildConfiguration section */

/* Begin XCConfigurationList section */
		835AF3C52A685C3D00AB60CA /* Build configuration list for PBXProject "Zodiec" */ = {
			isa = XCConfigurationList;
			buildConfigurations = (
				835AF3DF2A685C3F00AB60CA /* Debug */,
				835AF3E02A685C3F00AB60CA /* Release */,
			);
			defaultConfigurationIsVisible = 0;
			defaultConfigurationName = Release;
		};
		835AF3E12A685C3F00AB60CA /* Build configuration list for PBXNativeTarget "Zodiec" */ = {
			isa = XCConfigurationList;
			buildConfigurations = (
				835AF3E22A685C3F00AB60CA /* Debug */,
				835AF3E32A685C3F00AB60CA /* Release */,
			);
			defaultConfigurationIsVisible = 0;
			defaultConfigurationName = Release;
		};
/* End XCConfigurationList section */

/* Begin XCRemoteSwiftPackageReference section */
		839AE46A2A6FF5550062ACBE /* XCRemoteSwiftPackageReference "GoogleSignIn-iOS" */ = {
			isa = XCRemoteSwiftPackageReference;
			repositoryURL = "https://github.com/google/GoogleSignIn-iOS";
			requirement = {
				kind = upToNextMajorVersion;
				minimumVersion = 7.0.0;
			};
		};
		83A3A7C12A6B1F6100DE7266 /* XCRemoteSwiftPackageReference "firebase-ios-sdk" */ = {
			isa = XCRemoteSwiftPackageReference;
			repositoryURL = "https://github.com/firebase/firebase-ios-sdk";
			requirement = {
				kind = upToNextMajorVersion;
				minimumVersion = 9.0.0;
			};
		};
/* End XCRemoteSwiftPackageReference section */

/* Begin XCSwiftPackageProductDependency section */
		839AE46B2A6FF5550062ACBE /* GoogleSignIn */ = {
			isa = XCSwiftPackageProductDependency;
			package = 839AE46A2A6FF5550062ACBE /* XCRemoteSwiftPackageReference "GoogleSignIn-iOS" */;
			productName = GoogleSignIn;
		};
		839AE46D2A6FF5550062ACBE /* GoogleSignInSwift */ = {
			isa = XCSwiftPackageProductDependency;
			package = 839AE46A2A6FF5550062ACBE /* XCRemoteSwiftPackageReference "GoogleSignIn-iOS" */;
			productName = GoogleSignInSwift;
		};
		83A3A7C22A6B1F6200DE7266 /* FirebaseAnalytics */ = {
			isa = XCSwiftPackageProductDependency;
			package = 83A3A7C12A6B1F6100DE7266 /* XCRemoteSwiftPackageReference "firebase-ios-sdk" */;
			productName = FirebaseAnalytics;
		};
		83A3A7C42A6B1F6200DE7266 /* FirebaseAuth */ = {
			isa = XCSwiftPackageProductDependency;
			package = 83A3A7C12A6B1F6100DE7266 /* XCRemoteSwiftPackageReference "firebase-ios-sdk" */;
			productName = FirebaseAuth;
		};
		83A3A7C62A6B1F6200DE7266 /* FirebaseAuthCombine-Community */ = {
			isa = XCSwiftPackageProductDependency;
			package = 83A3A7C12A6B1F6100DE7266 /* XCRemoteSwiftPackageReference "firebase-ios-sdk" */;
			productName = "FirebaseAuthCombine-Community";
		};
		83A3A7C82A6B1F6200DE7266 /* FirebaseFirestore */ = {
			isa = XCSwiftPackageProductDependency;
			package = 83A3A7C12A6B1F6100DE7266 /* XCRemoteSwiftPackageReference "firebase-ios-sdk" */;
			productName = FirebaseFirestore;
		};
		83A3A7CA2A6B1F6200DE7266 /* FirebaseFirestoreCombine-Community */ = {
			isa = XCSwiftPackageProductDependency;
			package = 83A3A7C12A6B1F6100DE7266 /* XCRemoteSwiftPackageReference "firebase-ios-sdk" */;
			productName = "FirebaseFirestoreCombine-Community";
		};
		83A3A7CC2A6B1F6200DE7266 /* FirebaseFirestoreSwift */ = {
			isa = XCSwiftPackageProductDependency;
			package = 83A3A7C12A6B1F6100DE7266 /* XCRemoteSwiftPackageReference "firebase-ios-sdk" */;
			productName = FirebaseFirestoreSwift;
		};
		83A3A7CE2A6B1F6200DE7266 /* FirebaseFunctions */ = {
			isa = XCSwiftPackageProductDependency;
			package = 83A3A7C12A6B1F6100DE7266 /* XCRemoteSwiftPackageReference "firebase-ios-sdk" */;
			productName = FirebaseFunctions;
		};
		83A3A7D02A6B1F6200DE7266 /* FirebaseFunctionsCombine-Community */ = {
			isa = XCSwiftPackageProductDependency;
			package = 83A3A7C12A6B1F6100DE7266 /* XCRemoteSwiftPackageReference "firebase-ios-sdk" */;
			productName = "FirebaseFunctionsCombine-Community";
		};
		83A3A7D22A6B1F6200DE7266 /* FirebaseInAppMessaging-Beta */ = {
			isa = XCSwiftPackageProductDependency;
			package = 83A3A7C12A6B1F6100DE7266 /* XCRemoteSwiftPackageReference "firebase-ios-sdk" */;
			productName = "FirebaseInAppMessaging-Beta";
		};
		83A3A7D42A6B1F6200DE7266 /* FirebaseInAppMessagingSwift-Beta */ = {
			isa = XCSwiftPackageProductDependency;
			package = 83A3A7C12A6B1F6100DE7266 /* XCRemoteSwiftPackageReference "firebase-ios-sdk" */;
			productName = "FirebaseInAppMessagingSwift-Beta";
		};
		83A3A7D62A6B1F6200DE7266 /* FirebaseMessaging */ = {
			isa = XCSwiftPackageProductDependency;
			package = 83A3A7C12A6B1F6100DE7266 /* XCRemoteSwiftPackageReference "firebase-ios-sdk" */;
			productName = FirebaseMessaging;
		};
		83A3A7D82A6B1F6200DE7266 /* FirebaseStorage */ = {
			isa = XCSwiftPackageProductDependency;
			package = 83A3A7C12A6B1F6100DE7266 /* XCRemoteSwiftPackageReference "firebase-ios-sdk" */;
			productName = FirebaseStorage;
		};
		83A3A7DA2A6B1F6200DE7266 /* FirebaseStorageCombine-Community */ = {
			isa = XCSwiftPackageProductDependency;
			package = 83A3A7C12A6B1F6100DE7266 /* XCRemoteSwiftPackageReference "firebase-ios-sdk" */;
			productName = "FirebaseStorageCombine-Community";
		};
/* End XCSwiftPackageProductDependency section */

/* Begin XCVersionGroup section */
		835AF3D62A685C3D00AB60CA /* Zodiec.xcdatamodeld */ = {
			isa = XCVersionGroup;
			children = (
				835AF3D72A685C3D00AB60CA /* Zodiec.xcdatamodel */,
			);
			currentVersion = 835AF3D72A685C3D00AB60CA /* Zodiec.xcdatamodel */;
			path = Zodiec.xcdatamodeld;
			sourceTree = "<group>";
			versionGroupType = wrapper.xcdatamodel;
		};
/* End XCVersionGroup section */
	};
	rootObject = 835AF3C22A685C3D00AB60CA /* Project object */;
}
